
Microsoft Visual Studio Solution File, Format Version 12.00
# Visual Studio Version 17
VisualStudioVersion = 17.2.32526.322
MinimumVisualStudioVersion = 10.0.40219.1
Project("{9A19103F-16F7-4668-BE54-9A1E7A4F7556}") = "BookListRazor", "BookListRazor\BookListRazor.csproj", "{6CBA9F2C-4D4C-4D84-946F-476DC1E63A65}"
EndProject
Global
	GlobalSection(SolutionConfigurationPlatforms) = preSolution
		Debug|Any CPU = Debug|Any CPU
		Release|Any CPU = Release|Any CPU
	EndGlobalSection
	GlobalSection(ProjectConfigurationPlatforms) = postSolution
		{6CBA9F2C-4D4C-4D84-946F-476DC1E63A65}.Debug|Any CPU.ActiveCfg = Debug|Any CPU
		{6CBA9F2C-4D4C-4D84-946F-476DC1E63A65}.Debug|Any CPU.Build.0 = Debug|Any CPU
		{6CBA9F2C-4D4C-4D84-946F-476DC1E63A65}.Release|Any CPU.ActiveCfg = Release|Any CPU
		{6CBA9F2C-4D4C-4D84-946F-476DC1E63A65}.Release|Any CPU.Build.0 = Release|Any CPU
	EndGlobalSection
	GlobalSection(SolutionProperties) = preSolution
		HideSolutionNode = FALSE
	EndGlobalSection
	GlobalSection(ExtensibilityGlobals) = postSolution
		SolutionGuid = {9236AA36-2C47-45AE-A168-9D90A12AD2BB}
	EndGlobalSection
EndGlobal
